// !$*UTF8*$!
{
	archiveVersion = 1;
	classes = {
	};
	objectVersion = 46;
	objects = {

/* Begin PBXBuildFile section */
		843C42A2198F39C900368837 /* Foundation.framework in Frameworks */ = {isa = PBXBuildFile; fileRef = 843C42A1198F39C900368837 /* Foundation.framework */; };
		843C42A4198F39C900368837 /* CoreGraphics.framework in Frameworks */ = {isa = PBXBuildFile; fileRef = 843C42A3198F39C900368837 /* CoreGraphics.framework */; };
		843C42A6198F39C900368837 /* UIKit.framework in Frameworks */ = {isa = PBXBuildFile; fileRef = 843C42A5198F39C900368837 /* UIKit.framework */; };
		843C42AC198F39C900368837 /* InfoPlist.strings in Resources */ = {isa = PBXBuildFile; fileRef = 843C42AA198F39C900368837 /* InfoPlist.strings */; };
		843C42AE198F39C900368837 /* main.m in Sources */ = {isa = PBXBuildFile; fileRef = 843C42AD198F39C900368837 /* main.m */; };
		843C42B2198F39C900368837 /* CameraAppAppDelegate.m in Sources */ = {isa = PBXBuildFile; fileRef = 843C42B1198F39C900368837 /* CameraAppAppDelegate.m */; };
		843C42B5198F39C900368837 /* iPhone.storyboard in Resources */ = {isa = PBXBuildFile; fileRef = 843C42B3198F39C900368837 /* iPhone.storyboard */; };
		843C42B8198F39C900368837 /* CameraAppViewController.m in Sources */ = {isa = PBXBuildFile; fileRef = 843C42B7198F39C900368837 /* CameraAppViewController.m */; };
		843C42C1198F39CA00368837 /* XCTest.framework in Frameworks */ = {isa = PBXBuildFile; fileRef = 843C42C0198F39CA00368837 /* XCTest.framework */; };
		843C42C2198F39CA00368837 /* Foundation.framework in Frameworks */ = {isa = PBXBuildFile; fileRef = 843C42A1198F39C900368837 /* Foundation.framework */; };
		843C42C3198F39CA00368837 /* UIKit.framework in Frameworks */ = {isa = PBXBuildFile; fileRef = 843C42A5198F39C900368837 /* UIKit.framework */; };
		843C42CB198F39CA00368837 /* InfoPlist.strings in Resources */ = {isa = PBXBuildFile; fileRef = 843C42C9198F39CA00368837 /* InfoPlist.strings */; };
		843C42CD198F39CA00368837 /* CameraAPPTests.m in Sources */ = {isa = PBXBuildFile; fileRef = 843C42CC198F39CA00368837 /* CameraAPPTests.m */; };
		843C42D7198F3AAD00368837 /* iPad.storyboard in Resources */ = {isa = PBXBuildFile; fileRef = 843C42D6198F3AAD00368837 /* iPad.storyboard */; };
		84FCDF38199212DF00AA795B /* CustomPhotoAlbum.m in Sources */ = {isa = PBXBuildFile; fileRef = 84FCDF37199212DF00AA795B /* CustomPhotoAlbum.m */; };
		84FCDF5D19937D3900AA795B /* ALAsset+accessibilityLabel.m in Sources */ = {isa = PBXBuildFile; fileRef = 84FCDF3D19937D3900AA795B /* ALAsset+accessibilityLabel.m */; };
		84FCDF5E19937D3900AA795B /* ALAsset+assetType.m in Sources */ = {isa = PBXBuildFile; fileRef = 84FCDF3F19937D3900AA795B /* ALAsset+assetType.m */; };
		84FCDF5F19937D3900AA795B /* ALAsset+isEqual.m in Sources */ = {isa = PBXBuildFile; fileRef = 84FCDF4119937D3900AA795B /* ALAsset+isEqual.m */; };
		84FCDF6019937D3900AA795B /* ALAssetsGroup+isEqual.m in Sources */ = {isa = PBXBuildFile; fileRef = 84FCDF4319937D3900AA795B /* ALAssetsGroup+isEqual.m */; };
		84FCDF6119937D3900AA795B /* CTAssetItemViewController.m in Sources */ = {isa = PBXBuildFile; fileRef = 84FCDF4519937D3900AA795B /* CTAssetItemViewController.m */; };
		84FCDF6219937D3900AA795B /* CTAssetScrollView.m in Sources */ = {isa = PBXBuildFile; fileRef = 84FCDF4719937D3900AA795B /* CTAssetScrollView.m */; };
		84FCDF6319937D3900AA795B /* CTAssetsGroupViewCell.m in Sources */ = {isa = PBXBuildFile; fileRef = 84FCDF4919937D3900AA795B /* CTAssetsGroupViewCell.m */; };
		84FCDF6419937D3900AA795B /* CTAssetsGroupViewController.m in Sources */ = {isa = PBXBuildFile; fileRef = 84FCDF4B19937D3900AA795B /* CTAssetsGroupViewController.m */; };
		84FCDF6519937D3900AA795B /* CTAssetsPageViewController.m in Sources */ = {isa = PBXBuildFile; fileRef = 84FCDF4D19937D3900AA795B /* CTAssetsPageViewController.m */; };
		84FCDF6619937D3900AA795B /* CTAssetsPicker.xcassets in Resources */ = {isa = PBXBuildFile; fileRef = 84FCDF4E19937D3900AA795B /* CTAssetsPicker.xcassets */; };
		84FCDF6719937D3900AA795B /* CTAssetsPickerConstants.m in Sources */ = {isa = PBXBuildFile; fileRef = 84FCDF5019937D3900AA795B /* CTAssetsPickerConstants.m */; };
		84FCDF6819937D3900AA795B /* CTAssetsPickerController.m in Sources */ = {isa = PBXBuildFile; fileRef = 84FCDF5219937D3900AA795B /* CTAssetsPickerController.m */; };
		84FCDF6919937D3900AA795B /* CTAssetsSupplementaryView.m in Sources */ = {isa = PBXBuildFile; fileRef = 84FCDF5419937D3900AA795B /* CTAssetsSupplementaryView.m */; };
		84FCDF6A19937D3900AA795B /* CTAssetsViewCell.m in Sources */ = {isa = PBXBuildFile; fileRef = 84FCDF5619937D3900AA795B /* CTAssetsViewCell.m */; };
		84FCDF6B19937D3900AA795B /* CTAssetsViewController.m in Sources */ = {isa = PBXBuildFile; fileRef = 84FCDF5819937D3900AA795B /* CTAssetsViewController.m */; };
		84FCDF6C19937D3A00AA795B /* CTAssetsViewControllerTransition.m in Sources */ = {isa = PBXBuildFile; fileRef = 84FCDF5A19937D3900AA795B /* CTAssetsViewControllerTransition.m */; };
		84FCDF6D19937D3A00AA795B /* NSDateFormatter+timeIntervalFormatter.m in Sources */ = {isa = PBXBuildFile; fileRef = 84FCDF5C19937D3900AA795B /* NSDateFormatter+timeIntervalFormatter.m */; };
		84FCDF6F19937ED300AA795B /* AssetsLibrary.framework in Frameworks */ = {isa = PBXBuildFile; fileRef = 84FCDF6E19937ED300AA795B /* AssetsLibrary.framework */; };
		84FCDF7119937EE800AA795B /* MediaPlayer.framework in Frameworks */ = {isa = PBXBuildFile; fileRef = 84FCDF7019937EE800AA795B /* MediaPlayer.framework */; };
/* End PBXBuildFile section */

/* Begin PBXContainerItemProxy section */
		843C42C4198F39CA00368837 /* PBXContainerItemProxy */ = {
			isa = PBXContainerItemProxy;
			containerPortal = 843C4296198F39C900368837 /* Project object */;
			proxyType = 1;
			remoteGlobalIDString = 843C429D198F39C900368837;
			remoteInfo = CameraAPP;
		};
/* End PBXContainerItemProxy section */

/* Begin PBXFileReference section */
		843C429E198F39C900368837 /* CameraAPP.app */ = {isa = PBXFileReference; explicitFileType = wrapper.application; includeInIndex = 0; path = CameraAPP.app; sourceTree = BUILT_PRODUCTS_DIR; };
		843C42A1198F39C900368837 /* Foundation.framework */ = {isa = PBXFileReference; lastKnownFileType = wrapper.framework; name = Foundation.framework; path = System/Library/Frameworks/Foundation.framework; sourceTree = SDKROOT; };
		843C42A3198F39C900368837 /* CoreGraphics.framework */ = {isa = PBXFileReference; lastKnownFileType = wrapper.framework; name = CoreGraphics.framework; path = System/Library/Frameworks/CoreGraphics.framework; sourceTree = SDKROOT; };
		843C42A5198F39C900368837 /* UIKit.framework */ = {isa = PBXFileReference; lastKnownFileType = wrapper.framework; name = UIKit.framework; path = System/Library/Frameworks/UIKit.framework; sourceTree = SDKROOT; };
		843C42A9198F39C900368837 /* CameraAPP-Info.plist */ = {isa = PBXFileReference; lastKnownFileType = text.plist.xml; path = "CameraAPP-Info.plist"; sourceTree = "<group>"; };
		843C42AB198F39C900368837 /* en */ = {isa = PBXFileReference; lastKnownFileType = text.plist.strings; name = en; path = en.lproj/InfoPlist.strings; sourceTree = "<group>"; };
		843C42AD198F39C900368837 /* main.m */ = {isa = PBXFileReference; lastKnownFileType = sourcecode.c.objc; path = main.m; sourceTree = "<group>"; };
		843C42AF198F39C900368837 /* CameraAPP-Prefix.pch */ = {isa = PBXFileReference; lastKnownFileType = sourcecode.c.h; path = "CameraAPP-Prefix.pch"; sourceTree = "<group>"; };
		843C42B0198F39C900368837 /* CameraAppAppDelegate.h */ = {isa = PBXFileReference; lastKnownFileType = sourcecode.c.h; path = CameraAppAppDelegate.h; sourceTree = "<group>"; };
		843C42B1198F39C900368837 /* CameraAppAppDelegate.m */ = {isa = PBXFileReference; lastKnownFileType = sourcecode.c.objc; path = CameraAppAppDelegate.m; sourceTree = "<group>"; };
		843C42B4198F39C900368837 /* Base */ = {isa = PBXFileReference; lastKnownFileType = file.storyboard; name = Base; path = Base.lproj/iPhone.storyboard; sourceTree = "<group>"; };
		843C42B6198F39C900368837 /* CameraAppViewController.h */ = {isa = PBXFileReference; lastKnownFileType = sourcecode.c.h; path = CameraAppViewController.h; sourceTree = "<group>"; };
		843C42B7198F39C900368837 /* CameraAppViewController.m */ = {isa = PBXFileReference; lastKnownFileType = sourcecode.c.objc; path = CameraAppViewController.m; sourceTree = "<group>"; };
		843C42BF198F39CA00368837 /* CameraAPPTests.xctest */ = {isa = PBXFileReference; explicitFileType = wrapper.cfbundle; includeInIndex = 0; path = CameraAPPTests.xctest; sourceTree = BUILT_PRODUCTS_DIR; };
		843C42C0198F39CA00368837 /* XCTest.framework */ = {isa = PBXFileReference; lastKnownFileType = wrapper.framework; name = XCTest.framework; path = Library/Frameworks/XCTest.framework; sourceTree = DEVELOPER_DIR; };
		843C42C8198F39CA00368837 /* CameraAPPTests-Info.plist */ = {isa = PBXFileReference; lastKnownFileType = text.plist.xml; path = "CameraAPPTests-Info.plist"; sourceTree = "<group>"; };
		843C42CA198F39CA00368837 /* en */ = {isa = PBXFileReference; lastKnownFileType = text.plist.strings; name = en; path = en.lproj/InfoPlist.strings; sourceTree = "<group>"; };
		843C42CC198F39CA00368837 /* CameraAPPTests.m */ = {isa = PBXFileReference; lastKnownFileType = sourcecode.c.objc; path = CameraAPPTests.m; sourceTree = "<group>"; };
		843C42D6198F3AAD00368837 /* iPad.storyboard */ = {isa = PBXFileReference; fileEncoding = 4; lastKnownFileType = file.storyboard; path = iPad.storyboard; sourceTree = "<group>"; };
		84FCDF36199212DF00AA795B /* CustomPhotoAlbum.h */ = {isa = PBXFileReference; fileEncoding = 4; lastKnownFileType = sourcecode.c.h; path = CustomPhotoAlbum.h; sourceTree = "<group>"; };
		84FCDF37199212DF00AA795B /* CustomPhotoAlbum.m */ = {isa = PBXFileReference; fileEncoding = 4; lastKnownFileType = sourcecode.c.objc; path = CustomPhotoAlbum.m; sourceTree = "<group>"; };
		84FCDF3C19937D3900AA795B /* ALAsset+accessibilityLabel.h */ = {isa = PBXFileReference; fileEncoding = 4; lastKnownFileType = sourcecode.c.h; name = "ALAsset+accessibilityLabel.h"; path = "CTAssetsPickerController/CTAssetsPickerController/ALAsset+accessibilityLabel.h"; sourceTree = SOURCE_ROOT; };
		84FCDF3D19937D3900AA795B /* ALAsset+accessibilityLabel.m */ = {isa = PBXFileReference; fileEncoding = 4; lastKnownFileType = sourcecode.c.objc; name = "ALAsset+accessibilityLabel.m"; path = "CTAssetsPickerController/CTAssetsPickerController/ALAsset+accessibilityLabel.m"; sourceTree = SOURCE_ROOT; };
		84FCDF3E19937D3900AA795B /* ALAsset+assetType.h */ = {isa = PBXFileReference; fileEncoding = 4; lastKnownFileType = sourcecode.c.h; name = "ALAsset+assetType.h"; path = "CTAssetsPickerController/CTAssetsPickerController/ALAsset+assetType.h"; sourceTree = SOURCE_ROOT; };
		84FCDF3F19937D3900AA795B /* ALAsset+assetType.m */ = {isa = PBXFileReference; fileEncoding = 4; lastKnownFileType = sourcecode.c.objc; name = "ALAsset+assetType.m"; path = "CTAssetsPickerController/CTAssetsPickerController/ALAsset+assetType.m"; sourceTree = SOURCE_ROOT; };
		84FCDF4019937D3900AA795B /* ALAsset+isEqual.h */ = {isa = PBXFileReference; fileEncoding = 4; lastKnownFileType = sourcecode.c.h; name = "ALAsset+isEqual.h"; path = "CTAssetsPickerController/CTAssetsPickerController/ALAsset+isEqual.h"; sourceTree = SOURCE_ROOT; };
		84FCDF4119937D3900AA795B /* ALAsset+isEqual.m */ = {isa = PBXFileReference; fileEncoding = 4; lastKnownFileType = sourcecode.c.objc; name = "ALAsset+isEqual.m"; path = "CTAssetsPickerController/CTAssetsPickerController/ALAsset+isEqual.m"; sourceTree = SOURCE_ROOT; };
		84FCDF4219937D3900AA795B /* ALAssetsGroup+isEqual.h */ = {isa = PBXFileReference; fileEncoding = 4; lastKnownFileType = sourcecode.c.h; name = "ALAssetsGroup+isEqual.h"; path = "CTAssetsPickerController/CTAssetsPickerController/ALAssetsGroup+isEqual.h"; sourceTree = SOURCE_ROOT; };
		84FCDF4319937D3900AA795B /* ALAssetsGroup+isEqual.m */ = {isa = PBXFileReference; fileEncoding = 4; lastKnownFileType = sourcecode.c.objc; name = "ALAssetsGroup+isEqual.m"; path = "CTAssetsPickerController/CTAssetsPickerController/ALAssetsGroup+isEqual.m"; sourceTree = SOURCE_ROOT; };
		84FCDF4419937D3900AA795B /* CTAssetItemViewController.h */ = {isa = PBXFileReference; fileEncoding = 4; lastKnownFileType = sourcecode.c.h; name = CTAssetItemViewController.h; path = CTAssetsPickerController/CTAssetsPickerController/CTAssetItemViewController.h; sourceTree = SOURCE_ROOT; };
		84FCDF4519937D3900AA795B /* CTAssetItemViewController.m */ = {isa = PBXFileReference; fileEncoding = 4; lastKnownFileType = sourcecode.c.objc; name = CTAssetItemViewController.m; path = CTAssetsPickerController/CTAssetsPickerController/CTAssetItemViewController.m; sourceTree = SOURCE_ROOT; };
		84FCDF4619937D3900AA795B /* CTAssetScrollView.h */ = {isa = PBXFileReference; fileEncoding = 4; lastKnownFileType = sourcecode.c.h; name = CTAssetScrollView.h; path = CTAssetsPickerController/CTAssetsPickerController/CTAssetScrollView.h; sourceTree = SOURCE_ROOT; };
		84FCDF4719937D3900AA795B /* CTAssetScrollView.m */ = {isa = PBXFileReference; fileEncoding = 4; lastKnownFileType = sourcecode.c.objc; name = CTAssetScrollView.m; path = CTAssetsPickerController/CTAssetsPickerController/CTAssetScrollView.m; sourceTree = SOURCE_ROOT; };
		84FCDF4819937D3900AA795B /* CTAssetsGroupViewCell.h */ = {isa = PBXFileReference; fileEncoding = 4; lastKnownFileType = sourcecode.c.h; name = CTAssetsGroupViewCell.h; path = CTAssetsPickerController/CTAssetsPickerController/CTAssetsGroupViewCell.h; sourceTree = SOURCE_ROOT; };
		84FCDF4919937D3900AA795B /* CTAssetsGroupViewCell.m */ = {isa = PBXFileReference; fileEncoding = 4; lastKnownFileType = sourcecode.c.objc; name = CTAssetsGroupViewCell.m; path = CTAssetsPickerController/CTAssetsPickerController/CTAssetsGroupViewCell.m; sourceTree = SOURCE_ROOT; };
		84FCDF4A19937D3900AA795B /* CTAssetsGroupViewController.h */ = {isa = PBXFileReference; fileEncoding = 4; lastKnownFileType = sourcecode.c.h; name = CTAssetsGroupViewController.h; path = CTAssetsPickerController/CTAssetsPickerController/CTAssetsGroupViewController.h; sourceTree = SOURCE_ROOT; };
		84FCDF4B19937D3900AA795B /* CTAssetsGroupViewController.m */ = {isa = PBXFileReference; fileEncoding = 4; lastKnownFileType = sourcecode.c.objc; name = CTAssetsGroupViewController.m; path = CTAssetsPickerController/CTAssetsPickerController/CTAssetsGroupViewController.m; sourceTree = SOURCE_ROOT; };
		84FCDF4C19937D3900AA795B /* CTAssetsPageViewController.h */ = {isa = PBXFileReference; fileEncoding = 4; lastKnownFileType = sourcecode.c.h; name = CTAssetsPageViewController.h; path = CTAssetsPickerController/CTAssetsPickerController/CTAssetsPageViewController.h; sourceTree = SOURCE_ROOT; };
		84FCDF4D19937D3900AA795B /* CTAssetsPageViewController.m */ = {isa = PBXFileReference; fileEncoding = 4; lastKnownFileType = sourcecode.c.objc; name = CTAssetsPageViewController.m; path = CTAssetsPickerController/CTAssetsPickerController/CTAssetsPageViewController.m; sourceTree = SOURCE_ROOT; };
		84FCDF4E19937D3900AA795B /* CTAssetsPicker.xcassets */ = {isa = PBXFileReference; lastKnownFileType = folder.assetcatalog; name = CTAssetsPicker.xcassets; path = CTAssetsPickerController/CTAssetsPickerController/CTAssetsPicker.xcassets; sourceTree = SOURCE_ROOT; };
		84FCDF4F19937D3900AA795B /* CTAssetsPickerConstants.h */ = {isa = PBXFileReference; fileEncoding = 4; lastKnownFileType = sourcecode.c.h; name = CTAssetsPickerConstants.h; path = CTAssetsPickerController/CTAssetsPickerController/CTAssetsPickerConstants.h; sourceTree = SOURCE_ROOT; };
		84FCDF5019937D3900AA795B /* CTAssetsPickerConstants.m */ = {isa = PBXFileReference; fileEncoding = 4; lastKnownFileType = sourcecode.c.objc; name = CTAssetsPickerConstants.m; path = CTAssetsPickerController/CTAssetsPickerController/CTAssetsPickerConstants.m; sourceTree = SOURCE_ROOT; };
		84FCDF5119937D3900AA795B /* CTAssetsPickerController.h */ = {isa = PBXFileReference; fileEncoding = 4; lastKnownFileType = sourcecode.c.h; name = CTAssetsPickerController.h; path = CTAssetsPickerController/CTAssetsPickerController/CTAssetsPickerController.h; sourceTree = SOURCE_ROOT; };
		84FCDF5219937D3900AA795B /* CTAssetsPickerController.m */ = {isa = PBXFileReference; fileEncoding = 4; lastKnownFileType = sourcecode.c.objc; name = CTAssetsPickerController.m; path = CTAssetsPickerController/CTAssetsPickerController/CTAssetsPickerController.m; sourceTree = SOURCE_ROOT; };
		84FCDF5319937D3900AA795B /* CTAssetsSupplementaryView.h */ = {isa = PBXFileReference; fileEncoding = 4; lastKnownFileType = sourcecode.c.h; name = CTAssetsSupplementaryView.h; path = CTAssetsPickerController/CTAssetsPickerController/CTAssetsSupplementaryView.h; sourceTree = SOURCE_ROOT; };
		84FCDF5419937D3900AA795B /* CTAssetsSupplementaryView.m */ = {isa = PBXFileReference; fileEncoding = 4; lastKnownFileType = sourcecode.c.objc; name = CTAssetsSupplementaryView.m; path = CTAssetsPickerController/CTAssetsPickerController/CTAssetsSupplementaryView.m; sourceTree = SOURCE_ROOT; };
		84FCDF5519937D3900AA795B /* CTAssetsViewCell.h */ = {isa = PBXFileReference; fileEncoding = 4; lastKnownFileType = sourcecode.c.h; name = CTAssetsViewCell.h; path = CTAssetsPickerController/CTAssetsPickerController/CTAssetsViewCell.h; sourceTree = SOURCE_ROOT; };
		84FCDF5619937D3900AA795B /* CTAssetsViewCell.m */ = {isa = PBXFileReference; fileEncoding = 4; lastKnownFileType = sourcecode.c.objc; name = CTAssetsViewCell.m; path = CTAssetsPickerController/CTAssetsPickerController/CTAssetsViewCell.m; sourceTree = SOURCE_ROOT; };
		84FCDF5719937D3900AA795B /* CTAssetsViewController.h */ = {isa = PBXFileReference; fileEncoding = 4; lastKnownFileType = sourcecode.c.h; name = CTAssetsViewController.h; path = CTAssetsPickerController/CTAssetsPickerController/CTAssetsViewController.h; sourceTree = SOURCE_ROOT; };
		84FCDF5819937D3900AA795B /* CTAssetsViewController.m */ = {isa = PBXFileReference; fileEncoding = 4; lastKnownFileType = sourcecode.c.objc; name = CTAssetsViewController.m; path = CTAssetsPickerController/CTAssetsPickerController/CTAssetsViewController.m; sourceTree = SOURCE_ROOT; };
		84FCDF5919937D3900AA795B /* CTAssetsViewControllerTransition.h */ = {isa = PBXFileReference; fileEncoding = 4; lastKnownFileType = sourcecode.c.h; name = CTAssetsViewControllerTransition.h; path = CTAssetsPickerController/CTAssetsPickerController/CTAssetsViewControllerTransition.h; sourceTree = SOURCE_ROOT; };
		84FCDF5A19937D3900AA795B /* CTAssetsViewControllerTransition.m */ = {isa = PBXFileReference; fileEncoding = 4; lastKnownFileType = sourcecode.c.objc; name = CTAssetsViewControllerTransition.m; path = CTAssetsPickerController/CTAssetsPickerController/CTAssetsViewControllerTransition.m; sourceTree = SOURCE_ROOT; };
		84FCDF5B19937D3900AA795B /* NSDateFormatter+timeIntervalFormatter.h */ = {isa = PBXFileReference; fileEncoding = 4; lastKnownFileType = sourcecode.c.h; name = "NSDateFormatter+timeIntervalFormatter.h"; path = "CTAssetsPickerController/CTAssetsPickerController/NSDateFormatter+timeIntervalFormatter.h"; sourceTree = SOURCE_ROOT; };
		84FCDF5C19937D3900AA795B /* NSDateFormatter+timeIntervalFormatter.m */ = {isa = PBXFileReference; fileEncoding = 4; lastKnownFileType = sourcecode.c.objc; name = "NSDateFormatter+timeIntervalFormatter.m"; path = "CTAssetsPickerController/CTAssetsPickerController/NSDateFormatter+timeIntervalFormatter.m"; sourceTree = SOURCE_ROOT; };
		84FCDF6E19937ED300AA795B /* AssetsLibrary.framework */ = {isa = PBXFileReference; lastKnownFileType = wrapper.framework; name = AssetsLibrary.framework; path = System/Library/Frameworks/AssetsLibrary.framework; sourceTree = SDKROOT; };
		84FCDF7019937EE800AA795B /* MediaPlayer.framework */ = {isa = PBXFileReference; lastKnownFileType = wrapper.framework; name = MediaPlayer.framework; path = System/Library/Frameworks/MediaPlayer.framework; sourceTree = SDKROOT; };
/* End PBXFileReference section */

/* Begin PBXFrameworksBuildPhase section */
		843C429B198F39C900368837 /* Frameworks */ = {
			isa = PBXFrameworksBuildPhase;
			buildActionMask = 2147483647;
			files = (
				84FCDF7119937EE800AA795B /* MediaPlayer.framework in Frameworks */,
				84FCDF6F19937ED300AA795B /* AssetsLibrary.framework in Frameworks */,
				843C42A4198F39C900368837 /* CoreGraphics.framework in Frameworks */,
				843C42A6198F39C900368837 /* UIKit.framework in Frameworks */,
				843C42A2198F39C900368837 /* Foundation.framework in Frameworks */,
			);
			runOnlyForDeploymentPostprocessing = 0;
		};
		843C42BC198F39CA00368837 /* Frameworks */ = {
			isa = PBXFrameworksBuildPhase;
			buildActionMask = 2147483647;
			files = (
				843C42C1198F39CA00368837 /* XCTest.framework in Frameworks */,
				843C42C3198F39CA00368837 /* UIKit.framework in Frameworks */,
				843C42C2198F39CA00368837 /* Foundation.framework in Frameworks */,
			);
			runOnlyForDeploymentPostprocessing = 0;
		};
/* End PBXFrameworksBuildPhase section */

/* Begin PBXGroup section */
		843C4295198F39C900368837 = {
			isa = PBXGroup;
			children = (
				843C42A7198F39C900368837 /* CameraAPP */,
				843C42C6198F39CA00368837 /* CameraAPPTests */,
				843C42A0198F39C900368837 /* Frameworks */,
				843C429F198F39C900368837 /* Products */,
			);
			sourceTree = "<group>";
		};
		843C429F198F39C900368837 /* Products */ = {
			isa = PBXGroup;
			children = (
				843C429E198F39C900368837 /* CameraAPP.app */,
				843C42BF198F39CA00368837 /* CameraAPPTests.xctest */,
			);
			name = Products;
			sourceTree = "<group>";
		};
		843C42A0198F39C900368837 /* Frameworks */ = {
			isa = PBXGroup;
			children = (
				84FCDF7019937EE800AA795B /* MediaPlayer.framework */,
				84FCDF6E19937ED300AA795B /* AssetsLibrary.framework */,
				843C42A1198F39C900368837 /* Foundation.framework */,
				843C42A3198F39C900368837 /* CoreGraphics.framework */,
				843C42A5198F39C900368837 /* UIKit.framework */,
				843C42C0198F39CA00368837 /* XCTest.framework */,
			);
			name = Frameworks;
			sourceTree = "<group>";
		};
		843C42A7198F39C900368837 /* CameraAPP */ = {
			isa = PBXGroup;
			children = (
				84FCDF3C19937D3900AA795B /* ALAsset+accessibilityLabel.h */,
				84FCDF3D19937D3900AA795B /* ALAsset+accessibilityLabel.m */,
				84FCDF3E19937D3900AA795B /* ALAsset+assetType.h */,
				84FCDF3F19937D3900AA795B /* ALAsset+assetType.m */,
				84FCDF4019937D3900AA795B /* ALAsset+isEqual.h */,
				84FCDF4119937D3900AA795B /* ALAsset+isEqual.m */,
				84FCDF4219937D3900AA795B /* ALAssetsGroup+isEqual.h */,
				84FCDF4319937D3900AA795B /* ALAssetsGroup+isEqual.m */,
				84FCDF4419937D3900AA795B /* CTAssetItemViewController.h */,
				84FCDF4519937D3900AA795B /* CTAssetItemViewController.m */,
				84FCDF4619937D3900AA795B /* CTAssetScrollView.h */,
				84FCDF4719937D3900AA795B /* CTAssetScrollView.m */,
				84FCDF4819937D3900AA795B /* CTAssetsGroupViewCell.h */,
				84FCDF4919937D3900AA795B /* CTAssetsGroupViewCell.m */,
				84FCDF4A19937D3900AA795B /* CTAssetsGroupViewController.h */,
				84FCDF4B19937D3900AA795B /* CTAssetsGroupViewController.m */,
				84FCDF4C19937D3900AA795B /* CTAssetsPageViewController.h */,
				84FCDF4D19937D3900AA795B /* CTAssetsPageViewController.m */,
				84FCDF4E19937D3900AA795B /* CTAssetsPicker.xcassets */,
				84FCDF4F19937D3900AA795B /* CTAssetsPickerConstants.h */,
				84FCDF5019937D3900AA795B /* CTAssetsPickerConstants.m */,
				84FCDF5119937D3900AA795B /* CTAssetsPickerController.h */,
				84FCDF5219937D3900AA795B /* CTAssetsPickerController.m */,
				84FCDF5319937D3900AA795B /* CTAssetsSupplementaryView.h */,
				84FCDF5419937D3900AA795B /* CTAssetsSupplementaryView.m */,
				84FCDF5519937D3900AA795B /* CTAssetsViewCell.h */,
				84FCDF5619937D3900AA795B /* CTAssetsViewCell.m */,
				84FCDF5719937D3900AA795B /* CTAssetsViewController.h */,
				84FCDF5819937D3900AA795B /* CTAssetsViewController.m */,
				84FCDF5919937D3900AA795B /* CTAssetsViewControllerTransition.h */,
				84FCDF5A19937D3900AA795B /* CTAssetsViewControllerTransition.m */,
				84FCDF5B19937D3900AA795B /* NSDateFormatter+timeIntervalFormatter.h */,
				84FCDF5C19937D3900AA795B /* NSDateFormatter+timeIntervalFormatter.m */,
				843C42B0198F39C900368837 /* CameraAppAppDelegate.h */,
				84FCDF36199212DF00AA795B /* CustomPhotoAlbum.h */,
				84FCDF37199212DF00AA795B /* CustomPhotoAlbum.m */,
				843C42B1198F39C900368837 /* CameraAppAppDelegate.m */,
				843C42B3198F39C900368837 /* iPhone.storyboard */,
				843C42D6198F3AAD00368837 /* iPad.storyboard */,
				843C42B6198F39C900368837 /* CameraAppViewController.h */,
				843C42B7198F39C900368837 /* CameraAppViewController.m */,
				843C42A8198F39C900368837 /* Supporting Files */,
			);
			path = CameraAPP;
			sourceTree = "<group>";
		};
		843C42A8198F39C900368837 /* Supporting Files */ = {
			isa = PBXGroup;
			children = (
				843C42A9198F39C900368837 /* CameraAPP-Info.plist */,
				843C42AA198F39C900368837 /* InfoPlist.strings */,
				843C42AD198F39C900368837 /* main.m */,
				843C42AF198F39C900368837 /* CameraAPP-Prefix.pch */,
			);
			name = "Supporting Files";
			sourceTree = "<group>";
		};
		843C42C6198F39CA00368837 /* CameraAPPTests */ = {
			isa = PBXGroup;
			children = (
				843C42CC198F39CA00368837 /* CameraAPPTests.m */,
				843C42C7198F39CA00368837 /* Supporting Files */,
			);
			path = CameraAPPTests;
			sourceTree = "<group>";
		};
		843C42C7198F39CA00368837 /* Supporting Files */ = {
			isa = PBXGroup;
			children = (
				843C42C8198F39CA00368837 /* CameraAPPTests-Info.plist */,
				843C42C9198F39CA00368837 /* InfoPlist.strings */,
			);
			name = "Supporting Files";
			sourceTree = "<group>";
		};
/* End PBXGroup section */

/* Begin PBXNativeTarget section */
		843C429D198F39C900368837 /* CameraAPP */ = {
			isa = PBXNativeTarget;
			buildConfigurationList = 843C42D0198F39CA00368837 /* Build configuration list for PBXNativeTarget "CameraAPP" */;
			buildPhases = (
				843C429A198F39C900368837 /* Sources */,
				843C429B198F39C900368837 /* Frameworks */,
				843C429C198F39C900368837 /* Resources */,
				843C42D9198F53AA00368837 /* ShellScript */,
			);
			buildRules = (
			);
			dependencies = (
			);
			name = CameraAPP;
			productName = CameraAPP;
			productReference = 843C429E198F39C900368837 /* CameraAPP.app */;
			productType = "com.apple.product-type.application";
		};
		843C42BE198F39CA00368837 /* CameraAPPTests */ = {
			isa = PBXNativeTarget;
			buildConfigurationList = 843C42D3198F39CA00368837 /* Build configuration list for PBXNativeTarget "CameraAPPTests" */;
			buildPhases = (
				843C42BB198F39CA00368837 /* Sources */,
				843C42BC198F39CA00368837 /* Frameworks */,
				843C42BD198F39CA00368837 /* Resources */,
			);
			buildRules = (
			);
			dependencies = (
				843C42C5198F39CA00368837 /* PBXTargetDependency */,
			);
			name = CameraAPPTests;
			productName = CameraAPPTests;
			productReference = 843C42BF198F39CA00368837 /* CameraAPPTests.xctest */;
			productType = "com.apple.product-type.bundle.unit-test";
		};
/* End PBXNativeTarget section */

/* Begin PBXProject section */
		843C4296198F39C900368837 /* Project object */ = {
			isa = PBXProject;
			attributes = {
				CLASSPREFIX = CameraApp;
				LastUpgradeCheck = 0510;
				ORGANIZATIONNAME = YEHKUO;
				TargetAttributes = {
					843C42BE198F39CA00368837 = {
						TestTargetID = 843C429D198F39C900368837;
					};
				};
			};
			buildConfigurationList = 843C4299198F39C900368837 /* Build configuration list for PBXProject "CameraAPP" */;
			compatibilityVersion = "Xcode 3.2";
			developmentRegion = English;
			hasScannedForEncodings = 0;
			knownRegions = (
				en,
				Base,
			);
			mainGroup = 843C4295198F39C900368837;
			productRefGroup = 843C429F198F39C900368837 /* Products */;
			projectDirPath = "";
			projectRoot = "";
			targets = (
				843C429D198F39C900368837 /* CameraAPP */,
				843C42BE198F39CA00368837 /* CameraAPPTests */,
			);
		};
/* End PBXProject section */

/* Begin PBXResourcesBuildPhase section */
		843C429C198F39C900368837 /* Resources */ = {
			isa = PBXResourcesBuildPhase;
			buildActionMask = 2147483647;
			files = (
				843C42D7198F3AAD00368837 /* iPad.storyboard in Resources */,
				843C42AC198F39C900368837 /* InfoPlist.strings in Resources */,
				843C42B5198F39C900368837 /* iPhone.storyboard in Resources */,
				84FCDF6619937D3900AA795B /* CTAssetsPicker.xcassets in Resources */,
			);
			runOnlyForDeploymentPostprocessing = 0;
		};
		843C42BD198F39CA00368837 /* Resources */ = {
			isa = PBXResourcesBuildPhase;
			buildActionMask = 2147483647;
			files = (
				843C42CB198F39CA00368837 /* InfoPlist.strings in Resources */,
			);
			runOnlyForDeploymentPostprocessing = 0;
		};
/* End PBXResourcesBuildPhase section */

/* Begin PBXShellScriptBuildPhase section */
		843C42D9198F53AA00368837 /* ShellScript */ = {
			isa = PBXShellScriptBuildPhase;
			buildActionMask = 2147483647;
			files = (
			);
			inputPaths = (
			);
			outputPaths = (
			);
			runOnlyForDeploymentPostprocessing = 0;
			shellPath = /bin/sh;
			shellScript = "export CODESIGN_ALLOCATE=/Applications/Xcode.app/Contents/Developer/Platforms/iPhoneOS.platform/Developer/usr/bin/codesign_allocate\nif [ \"${PLATFORM_NAME}\" == \"iphoneos\" ] || [ \"${PLATFORM_NAME}\" == \"ipados\" ]; then /Applications/Xcode.app/Contents/Developer/iphoneentitlements/gen_entitlements.py \"my.company.${PROJECT_NAME}\" \"${BUILT_PRODUCTS_DIR}/${WRAPPER_NAME}/${PROJECT_NAME}.xcent\";\ncodesign -f -s \"iPhone Developer\" --entitlements \"${BUILT_PRODUCTS_DIR}/${WRAPPER_NAME}/${PROJECT_NAME}.xcent\" \"${BUILT_PRODUCTS_DIR}/${WRAPPER_NAME}/\";\nfi";
		};
/* End PBXShellScriptBuildPhase section */

/* Begin PBXSourcesBuildPhase section */
		843C429A198F39C900368837 /* Sources */ = {
			isa = PBXSourcesBuildPhase;
			buildActionMask = 2147483647;
			files = (
				843C42B8198F39C900368837 /* CameraAppViewController.m in Sources */,
				84FCDF6719937D3900AA795B /* CTAssetsPickerConstants.m in Sources */,
				84FCDF6519937D3900AA795B /* CTAssetsPageViewController.m in Sources */,
				84FCDF6819937D3900AA795B /* CTAssetsPickerController.m in Sources */,
				84FCDF6919937D3900AA795B /* CTAssetsSupplementaryView.m in Sources */,
				84FCDF6219937D3900AA795B /* CTAssetScrollView.m in Sources */,
				84FCDF6419937D3900AA795B /* CTAssetsGroupViewController.m in Sources */,
				84FCDF6A19937D3900AA795B /* CTAssetsViewCell.m in Sources */,
				84FCDF6C19937D3A00AA795B /* CTAssetsViewControllerTransition.m in Sources */,
				84FCDF6319937D3900AA795B /* CTAssetsGroupViewCell.m in Sources */,
				84FCDF5F19937D3900AA795B /* ALAsset+isEqual.m in Sources */,
				84FCDF6119937D3900AA795B /* CTAssetItemViewController.m in Sources */,
				843C42AE198F39C900368837 /* main.m in Sources */,
				84FCDF5E19937D3900AA795B /* ALAsset+assetType.m in Sources */,
				843C42B2198F39C900368837 /* CameraAppAppDelegate.m in Sources */,
				84FCDF6B19937D3900AA795B /* CTAssetsViewController.m in Sources */,
				84FCDF6D19937D3A00AA795B /* NSDateFormatter+timeIntervalFormatter.m in Sources */,
				84FCDF5D19937D3900AA795B /* ALAsset+accessibilityLabel.m in Sources */,
				84FCDF6019937D3900AA795B /* ALAssetsGroup+isEqual.m in Sources */,
				84FCDF38199212DF00AA795B /* CustomPhotoAlbum.m in Sources */,
			);
			runOnlyForDeploymentPostprocessing = 0;
		};
		843C42BB198F39CA00368837 /* Sources */ = {
			isa = PBXSourcesBuildPhase;
			buildActionMask = 2147483647;
			files = (
				843C42CD198F39CA00368837 /* CameraAPPTests.m in Sources */,
			);
			runOnlyForDeploymentPostprocessing = 0;
		};
/* End PBXSourcesBuildPhase section */

/* Begin PBXTargetDependency section */
		843C42C5198F39CA00368837 /* PBXTargetDependency */ = {
			isa = PBXTargetDependency;
			target = 843C429D198F39C900368837 /* CameraAPP */;
			targetProxy = 843C42C4198F39CA00368837 /* PBXContainerItemProxy */;
		};
/* End PBXTargetDependency section */

/* Begin PBXVariantGroup section */
		843C42AA198F39C900368837 /* InfoPlist.strings */ = {
			isa = PBXVariantGroup;
			children = (
				843C42AB198F39C900368837 /* en */,
			);
			name = InfoPlist.strings;
			sourceTree = "<group>";
		};
		843C42B3198F39C900368837 /* iPhone.storyboard */ = {
			isa = PBXVariantGroup;
			children = (
				843C42B4198F39C900368837 /* Base */,
			);
			name = iPhone.storyboard;
			sourceTree = "<group>";
		};
		843C42C9198F39CA00368837 /* InfoPlist.strings */ = {
			isa = PBXVariantGroup;
			children = (
				843C42CA198F39CA00368837 /* en */,
			);
			name = InfoPlist.strings;
			sourceTree = "<group>";
		};
/* End PBXVariantGroup section */

/* Begin XCBuildConfiguration section */
		843C42CE198F39CA00368837 /* Debug */ = {
			isa = XCBuildConfiguration;
			buildSettings = {
				ALWAYS_SEARCH_USER_PATHS = NO;
				ASSETCATALOG_COMPILER_LAUNCHIMAGE_NAME = "";
				CLANG_CXX_LANGUAGE_STANDARD = "gnu++0x";
				CLANG_CXX_LIBRARY = "libc++";
				CLANG_ENABLE_MODULES = YES;
				CLANG_ENABLE_OBJC_ARC = YES;
				CLANG_WARN_BOOL_CONVERSION = YES;
				CLANG_WARN_CONSTANT_CONVERSION = YES;
				CLANG_WARN_DIRECT_OBJC_ISA_USAGE = YES_ERROR;
				CLANG_WARN_EMPTY_BODY = YES;
				CLANG_WARN_ENUM_CONVERSION = YES;
				CLANG_WARN_INT_CONVERSION = YES;
				CLANG_WARN_OBJC_ROOT_CLASS = YES_ERROR;
				CLANG_WARN__DUPLICATE_METHOD_MATCH = YES;
				CODE_SIGN_IDENTITY = "iPhone Developer";
				"CODE_SIGN_IDENTITY[sdk=iphoneos*]" = "iPhone Developer";
				COPY_PHASE_STRIP = NO;
				GCC_C_LANGUAGE_STANDARD = gnu99;
				GCC_DYNAMIC_NO_PIC = NO;
				GCC_OPTIMIZATION_LEVEL = 0;
				GCC_PREPROCESSOR_DEFINITIONS = (
					"DEBUG=1",
					"$(inherited)",
				);
				GCC_SYMBOLS_PRIVATE_EXTERN = NO;
				GCC_WARN_64_TO_32_BIT_CONVERSION = YES;
				GCC_WARN_ABOUT_RETURN_TYPE = YES_ERROR;
				GCC_WARN_UNDECLARED_SELECTOR = YES;
				GCC_WARN_UNINITIALIZED_AUTOS = YES_AGGRESSIVE;
				GCC_WARN_UNUSED_FUNCTION = YES;
				GCC_WARN_UNUSED_VARIABLE = YES;
				IPHONEOS_DEPLOYMENT_TARGET = 7.1;
				ONLY_ACTIVE_ARCH = YES;
				SDKROOT = iphoneos;
			};
			name = Debug;
		};
		843C42CF198F39CA00368837 /* Release */ = {
			isa = XCBuildConfiguration;
			buildSettings = {
				ALWAYS_SEARCH_USER_PATHS = NO;
				ASSETCATALOG_COMPILER_LAUNCHIMAGE_NAME = "";
				CLANG_CXX_LANGUAGE_STANDARD = "gnu++0x";
				CLANG_CXX_LIBRARY = "libc++";
				CLANG_ENABLE_MODULES = YES;
				CLANG_ENABLE_OBJC_ARC = YES;
				CLANG_WARN_BOOL_CONVERSION = YES;
				CLANG_WARN_CONSTANT_CONVERSION = YES;
				CLANG_WARN_DIRECT_OBJC_ISA_USAGE = YES_ERROR;
				CLANG_WARN_EMPTY_BODY = YES;
				CLANG_WARN_ENUM_CONVERSION = YES;
				CLANG_WARN_INT_CONVERSION = YES;
				CLANG_WARN_OBJC_ROOT_CLASS = YES_ERROR;
				CLANG_WARN__DUPLICATE_METHOD_MATCH = YES;
				CODE_SIGN_IDENTITY = "iPhone Developer";
				"CODE_SIGN_IDENTITY[sdk=iphoneos*]" = "iPhone Developer";
				COPY_PHASE_STRIP = YES;
				ENABLE_NS_ASSERTIONS = NO;
				GCC_C_LANGUAGE_STANDARD = gnu99;
				GCC_WARN_64_TO_32_BIT_CONVERSION = YES;
				GCC_WARN_ABOUT_RETURN_TYPE = YES_ERROR;
				GCC_WARN_UNDECLARED_SELECTOR = YES;
				GCC_WARN_UNINITIALIZED_AUTOS = YES_AGGRESSIVE;
				GCC_WARN_UNUSED_FUNCTION = YES;
				GCC_WARN_UNUSED_VARIABLE = YES;
				IPHONEOS_DEPLOYMENT_TARGET = 7.1;
				SDKROOT = iphoneos;
				VALIDATE_PRODUCT = YES;
			};
			name = Release;
		};
		843C42D1198F39CA00368837 /* Debug */ = {
			isa = XCBuildConfiguration;
			buildSettings = {
				CODE_SIGN_IDENTITY = "";
				GCC_PRECOMPILE_PREFIX_HEADER = YES;
				GCC_PREFIX_HEADER = "CameraAPP/CameraAPP-Prefix.pch";
				INFOPLIST_FILE = "CameraAPP/CameraAPP-Info.plist";
				IPHONEOS_DEPLOYMENT_TARGET = 7.1;
				PRODUCT_NAME = "$(TARGET_NAME)";
				TARGETED_DEVICE_FAMILY = "1,2";
				WRAPPER_EXTENSION = app;
			};
			name = Debug;
		};
		843C42D2198F39CA00368837 /* Release */ = {
			isa = XCBuildConfiguration;
			buildSettings = {
				CODE_SIGN_IDENTITY = "";
				GCC_PRECOMPILE_PREFIX_HEADER = YES;
				GCC_PREFIX_HEADER = "CameraAPP/CameraAPP-Prefix.pch";
				INFOPLIST_FILE = "CameraAPP/CameraAPP-Info.plist";
				IPHONEOS_DEPLOYMENT_TARGET = 7.1;
				PRODUCT_NAME = "$(TARGET_NAME)";
				TARGETED_DEVICE_FAMILY = "1,2";
				WRAPPER_EXTENSION = app;
			};
			name = Release;
		};
		843C42D4198F39CA00368837 /* Debug */ = {
			isa = XCBuildConfiguration;
			buildSettings = {
				BUNDLE_LOADER = "$(BUILT_PRODUCTS_DIR)/CameraAPP.app/CameraAPP";
				FRAMEWORK_SEARCH_PATHS = (
					"$(SDKROOT)/Developer/Library/Frameworks",
					"$(inherited)",
					"$(DEVELOPER_FRAMEWORKS_DIR)",
				);
				GCC_PRECOMPILE_PREFIX_HEADER = YES;
				GCC_PREFIX_HEADER = "CameraAPP/CameraAPP-Prefix.pch";
				GCC_PREPROCESSOR_DEFINITIONS = (
					"DEBUG=1",
					"$(inherited)",
				);
				INFOPLIST_FILE = "CameraAPPTests/CameraAPPTests-Info.plist";
				PRODUCT_NAME = "$(TARGET_NAME)";
				TEST_HOST = "$(BUNDLE_LOADER)";
				WRAPPER_EXTENSION = xctest;
			};
			name = Debug;
		};
		843C42D5198F39CA00368837 /* Release */ = {
			isa = XCBuildConfiguration;
			buildSettings = {
				BUNDLE_LOADER = "$(BUILT_PRODUCTS_DIR)/CameraAPP.app/CameraAPP";
				FRAMEWORK_SEARCH_PATHS = (
					"$(SDKROOT)/Developer/Library/Frameworks",
					"$(inherited)",
					"$(DEVELOPER_FRAMEWORKS_DIR)",
				);
				GCC_PRECOMPILE_PREFIX_HEADER = YES;
				GCC_PREFIX_HEADER = "CameraAPP/CameraAPP-Prefix.pch";
				INFOPLIST_FILE = "CameraAPPTests/CameraAPPTests-Info.plist";
				PRODUCT_NAME = "$(TARGET_NAME)";
				TEST_HOST = "$(BUNDLE_LOADER)";
				WRAPPER_EXTENSION = xctest;
			};
			name = Release;
		};
/* End XCBuildConfiguration section */

/* Begin XCConfigurationList section */
		843C4299198F39C900368837 /* Build configuration list for PBXProject "CameraAPP" */ = {
			isa = XCConfigurationList;
			buildConfigurations = (
				843C42CE198F39CA00368837 /* Debug */,
				843C42CF198F39CA00368837 /* Release */,
			);
			defaultConfigurationIsVisible = 0;
			defaultConfigurationName = Release;
		};
		843C42D0198F39CA00368837 /* Build configuration list for PBXNativeTarget "CameraAPP" */ = {
			isa = XCConfigurationList;
			buildConfigurations = (
				843C42D1198F39CA00368837 /* Debug */,
				843C42D2198F39CA00368837 /* Release */,
			);
			defaultConfigurationIsVisible = 0;
			defaultConfigurationName = Release;
		};
		843C42D3198F39CA00368837 /* Build configuration list for PBXNativeTarget "CameraAPPTests" */ = {
			isa = XCConfigurationList;
			buildConfigurations = (
				843C42D4198F39CA00368837 /* Debug */,
				843C42D5198F39CA00368837 /* Release */,
			);
			defaultConfigurationIsVisible = 0;
			defaultConfigurationName = Release;
		};
/* End XCConfigurationList section */
	};
	rootObject = 843C4296198F39C900368837 /* Project object */;
}
